
Microsoft Visual Studio Solution File, Format Version 12.00
Project("{FAE04EC0-301F-11D3-BF4B-00C04F79EFBC}") = "ParticleSystemExample", "ParticleSystemExample\ParticleSystemExample.csproj", "{F179A842-30F2-445F-9B3F-63450E8276FB}"
EndProject
Global
	GlobalSection(SolutionConfigurationPlatforms) = preSolution
		Debug|Any CPU = Debug|Any CPU
		Release|Any CPU = Release|Any CPU
	EndGlobalSection
	GlobalSection(ProjectConfigurationPlatforms) = postSolution
		{F179A842-30F2-445F-9B3F-63450E8276FB}.Debug|Any CPU.ActiveCfg = Debug|Any CPU
		{F179A842-30F2-445F-9B3F-63450E8276FB}.Debug|Any CPU.Build.0 = Debug|Any CPU
		{F179A842-30F2-445F-9B3F-63450E8276FB}.Release|Any CPU.ActiveCfg = Release|Any CPU
		{F179A842-30F2-445F-9B3F-63450E8276FB}.Release|Any CPU.Build.0 = Release|Any CPU
	EndGlobalSection
EndGlobal
